// !$*UTF8*$!
{
	archiveVersion = 1;
	classes = {
	};
	objectVersion = 50;
	objects = {

/* Begin PBXBuildFile section */
		7DE86D9025BF58D2004D2C89 /* TrekrMultiPlatformApp.swift in Sources */ = {isa = PBXBuildFile; fileRef = 7DE86D7D25BF58CE004D2C89 /* TrekrMultiPlatformApp.swift */; };
		7DE86D9125BF58D2004D2C89 /* TrekrMultiPlatformApp.swift in Sources */ = {isa = PBXBuildFile; fileRef = 7DE86D7D25BF58CE004D2C89 /* TrekrMultiPlatformApp.swift */; };
		7DE86D9225BF58D2004D2C89 /* ContentView.swift in Sources */ = {isa = PBXBuildFile; fileRef = 7DE86D7E25BF58CE004D2C89 /* ContentView.swift */; };
		7DE86D9325BF58D2004D2C89 /* ContentView.swift in Sources */ = {isa = PBXBuildFile; fileRef = 7DE86D7E25BF58CE004D2C89 /* ContentView.swift */; };
		7DE86D9425BF58D2004D2C89 /* Assets.xcassets in Resources */ = {isa = PBXBuildFile; fileRef = 7DE86D7F25BF58D2004D2C89 /* Assets.xcassets */; };
		7DE86D9525BF58D2004D2C89 /* Assets.xcassets in Resources */ = {isa = PBXBuildFile; fileRef = 7DE86D7F25BF58D2004D2C89 /* Assets.xcassets */; };
/* End PBXBuildFile section */

/* Begin PBXFileReference section */
		7DE86D7D25BF58CE004D2C89 /* TrekrMultiPlatformApp.swift */ = {isa = PBXFileReference; lastKnownFileType = sourcecode.swift; path = TrekrMultiPlatformApp.swift; sourceTree = "<group>"; };
		7DE86D7E25BF58CE004D2C89 /* ContentView.swift */ = {isa = PBXFileReference; lastKnownFileType = sourcecode.swift; path = ContentView.swift; sourceTree = "<group>"; };
		7DE86D7F25BF58D2004D2C89 /* Assets.xcassets */ = {isa = PBXFileReference; lastKnownFileType = folder.assetcatalog; path = Assets.xcassets; sourceTree = "<group>"; };
		7DE86D8425BF58D2004D2C89 /* TrekrMultiPlatform.app */ = {isa = PBXFileReference; explicitFileType = wrapper.application; includeInIndex = 0; path = TrekrMultiPlatform.app; sourceTree = BUILT_PRODUCTS_DIR; };
		7DE86D8725BF58D2004D2C89 /* Info.plist */ = {isa = PBXFileReference; lastKnownFileType = text.plist.xml; path = Info.plist; sourceTree = "<group>"; };
		7DE86D8C25BF58D2004D2C89 /* TrekrMultiPlatform.app */ = {isa = PBXFileReference; explicitFileType = wrapper.application; includeInIndex = 0; path = TrekrMultiPlatform.app; sourceTree = BUILT_PRODUCTS_DIR; };
		7DE86D8E25BF58D2004D2C89 /* Info.plist */ = {isa = PBXFileReference; lastKnownFileType = text.plist.xml; path = Info.plist; sourceTree = "<group>"; };
		7DE86D8F25BF58D2004D2C89 /* macOS.entitlements */ = {isa = PBXFileReference; lastKnownFileType = text.plist.entitlements; path = macOS.entitlements; sourceTree = "<group>"; };
/* End PBXFileReference section */

/* Begin PBXFrameworksBuildPhase section */
		7DE86D8125BF58D2004D2C89 /* Frameworks */ = {
			isa = PBXFrameworksBuildPhase;
			buildActionMask = 2147483647;
			files = (
			);
			runOnlyForDeploymentPostprocessing = 0;
		};
		7DE86D8925BF58D2004D2C89 /* Frameworks */ = {
			isa = PBXFrameworksBuildPhase;
			buildActionMask = 2147483647;
			files = (
			);
			runOnlyForDeploymentPostprocessing = 0;
		};
/* End PBXFrameworksBuildPhase section */

/* Begin PBXGroup section */
		7DE86D7725BF58CE004D2C89 = {
			isa = PBXGroup;
			children = (
				7DE86D7C25BF58CE004D2C89 /* Shared */,
				7DE86D8625BF58D2004D2C89 /* iOS */,
				7DE86D8D25BF58D2004D2C89 /* macOS */,
				7DE86D8525BF58D2004D2C89 /* Products */,
			);
			sourceTree = "<group>";
		};
		7DE86D7C25BF58CE004D2C89 /* Shared */ = {
			isa = PBXGroup;
			children = (
				7DE86D7D25BF58CE004D2C89 /* TrekrMultiPlatformApp.swift */,
				7DE86D7E25BF58CE004D2C89 /* ContentView.swift */,
				7DE86D7F25BF58D2004D2C89 /* Assets.xcassets */,
			);
			path = Shared;
			sourceTree = "<group>";
		};
		7DE86D8525BF58D2004D2C89 /* Products */ = {
			isa = PBXGroup;
			children = (
				7DE86D8425BF58D2004D2C89 /* TrekrMultiPlatform.app */,
				7DE86D8C25BF58D2004D2C89 /* TrekrMultiPlatform.app */,
			);
			name = Products;
			sourceTree = "<group>";
		};
		7DE86D8625BF58D2004D2C89 /* iOS */ = {
			isa = PBXGroup;
			children = (
				7DE86D8725BF58D2004D2C89 /* Info.plist */,
			);
			path = iOS;
			sourceTree = "<group>";
		};
		7DE86D8D25BF58D2004D2C89 /* macOS */ = {
			isa = PBXGroup;
			children = (
				7DE86D8E25BF58D2004D2C89 /* Info.plist */,
				7DE86D8F25BF58D2004D2C89 /* macOS.entitlements */,
			);
			path = macOS;
			sourceTree = "<group>";
		};
/* End PBXGroup section */

/* Begin PBXNativeTarget section */
		7DE86D8325BF58D2004D2C89 /* TrekrMultiPlatform (iOS) */ = {
			isa = PBXNativeTarget;
			buildConfigurationList = 7DE86D9825BF58D2004D2C89 /* Build configuration list for PBXNativeTarget "TrekrMultiPlatform (iOS)" */;
			buildPhases = (
				7DE86D8025BF58D2004D2C89 /* Sources */,
				7DE86D8125BF58D2004D2C89 /* Frameworks */,
				7DE86D8225BF58D2004D2C89 /* Resources */,
			);
			buildRules = (
			);
			dependencies = (
			);
			name = "TrekrMultiPlatform (iOS)";
			productName = "TrekrMultiPlatform (iOS)";
			productReference = 7DE86D8425BF58D2004D2C89 /* TrekrMultiPlatform.app */;
			productType = "com.apple.product-type.application";
		};
		7DE86D8B25BF58D2004D2C89 /* TrekrMultiPlatform (macOS) */ = {
			isa = PBXNativeTarget;
			buildConfigurationList = 7DE86D9B25BF58D2004D2C89 /* Build configuration list for PBXNativeTarget "TrekrMultiPlatform (macOS)" */;
			buildPhases = (
				7DE86D8825BF58D2004D2C89 /* Sources */,
				7DE86D8925BF58D2004D2C89 /* Frameworks */,
				7DE86D8A25BF58D2004D2C89 /* Resources */,
			);
			buildRules = (
			);
			dependencies = (
			);
			name = "TrekrMultiPlatform (macOS)";
			productName = "TrekrMultiPlatform (macOS)";
			productReference = 7DE86D8C25BF58D2004D2C89 /* TrekrMultiPlatform.app */;
			productType = "com.apple.product-type.application";
		};
/* End PBXNativeTarget section */

/* Begin PBXProject section */
		7DE86D7825BF58CE004D2C89 /* Project object */ = {
			isa = PBXProject;
			attributes = {
				LastSwiftUpdateCheck = 1230;
				LastUpgradeCheck = 1230;
				TargetAttributes = {
					7DE86D8325BF58D2004D2C89 = {
						CreatedOnToolsVersion = 12.3;
					};
					7DE86D8B25BF58D2004D2C89 = {
						CreatedOnToolsVersion = 12.3;
					};
				};
			};
			buildConfigurationList = 7DE86D7B25BF58CE004D2C89 /* Build configuration list for PBXProject "TrekrMultiPlatform" */;
			compatibilityVersion = "Xcode 9.3";
			developmentRegion = en;
			hasScannedForEncodings = 0;
			knownRegions = (
				en,
				Base,
			);
			mainGroup = 7DE86D7725BF58CE004D2C89;
			productRefGroup = 7DE86D8525BF58D2004D2C89 /* Products */;
			projectDirPath = "";
			projectRoot = "";
			targets = (
				7DE86D8325BF58D2004D2C89 /* TrekrMultiPlatform (iOS) */,
				7DE86D8B25BF58D2004D2C89 /* TrekrMultiPlatform (macOS) */,
			);
		};
/* End PBXProject section */

/* Begin PBXResourcesBuildPhase section */
		7DE86D8225BF58D2004D2C89 /* Resources */ = {
			isa = PBXResourcesBuildPhase;
			buildActionMask = 2147483647;
			files = (
				7DE86D9425BF58D2004D2C89 /* Assets.xcassets in Resources */,
			);
			runOnlyForDeploymentPostprocessing = 0;
		};
		7DE86D8A25BF58D2004D2C89 /* Resources */ = {
			isa = PBXResourcesBuildPhase;
			buildActionMask = 2147483647;
			files = (
				7DE86D9525BF58D2004D2C89 /* Assets.xcassets in Resources */,
			);
			runOnlyForDeploymentPostprocessing = 0;
		};
/* End PBXResourcesBuildPhase section */

/* Begin PBXSourcesBuildPhase section */
		7DE86D8025BF58D2004D2C89 /* Sources */ = {
			isa = PBXSourcesBuildPhase;
			buildActionMask = 2147483647;
			files = (
				7DE86D9225BF58D2004D2C89 /* ContentView.swift in Sources */,
				7DE86D9025BF58D2004D2C89 /* TrekrMultiPlatformApp.swift in Sources */,
			);
			runOnlyForDeploymentPostprocessing = 0;
		};
		7DE86D8825BF58D2004D2C89 /* Sources */ = {
			isa = PBXSourcesBuildPhase;
			buildActionMask = 2147483647;
			files = (
				7DE86D9325BF58D2004D2C89 /* ContentView.swift in Sources */,
				7DE86D9125BF58D2004D2C89 /* TrekrMultiPlatformApp.swift in Sources */,
			);
			runOnlyForDeploymentPostprocessing = 0;
		};
/* End PBXSourcesBuildPhase section */

/* Begin XCBuildConfiguration section */
		7DE86D9625BF58D2004D2C89 /* Debug */ = {
			isa = XCBuildConfiguration;
			buildSettings = {
				ALWAYS_SEARCH_USER_PATHS = NO;
				CLANG_ANALYZER_NONNULL = YES;
				CLANG_ANALYZER_NUMBER_OBJECT_CONVERSION = YES_AGGRESSIVE;
				CLANG_CXX_LANGUAGE_STANDARD = "gnu++14";
				CLANG_CXX_LIBRARY = "libc++";
				CLANG_ENABLE_MODULES = YES;
				CLANG_ENABLE_OBJC_ARC = YES;
				CLANG_ENABLE_OBJC_WEAK = YES;
				CLANG_WARN_BLOCK_CAPTURE_AUTORELEASING = YES;
				CLANG_WARN_BOOL_CONVERSION = YES;
				CLANG_WARN_COMMA = YES;
				CLANG_WARN_CONSTANT_CONVERSION = YES;
				CLANG_WARN_DEPRECATED_OBJC_IMPLEMENTATIONS = YES;
				CLANG_WARN_DIRECT_OBJC_ISA_USAGE = YES_ERROR;
				CLANG_WARN_DOCUMENTATION_COMMENTS = YES;
				CLANG_WARN_EMPTY_BODY = YES;
				CLANG_WARN_ENUM_CONVERSION = YES;
				CLANG_WARN_INFINITE_RECURSION = YES;
				CLANG_WARN_INT_CONVERSION = YES;
				CLANG_WARN_NON_LITERAL_NULL_CONVERSION = YES;
				CLANG_WARN_OBJC_IMPLICIT_RETAIN_SELF = YES;
				CLANG_WARN_OBJC_LITERAL_CONVERSION = YES;
				CLANG_WARN_OBJC_ROOT_CLASS = YES_ERROR;
				CLANG_WARN_QUOTED_INCLUDE_IN_FRAMEWORK_HEADER = YES;
				CLANG_WARN_RANGE_LOOP_ANALYSIS = YES;
				CLANG_WARN_STRICT_PROTOTYPES = YES;
				CLANG_WARN_SUSPICIOUS_MOVE = YES;
				CLANG_WARN_UNGUARDED_AVAILABILITY = YES_AGGRESSIVE;
				CLANG_WARN_UNREACHABLE_CODE = YES;
				CLANG_WARN__DUPLICATE_METHOD_MATCH = YES;
				COPY_PHASE_STRIP = NO;
				DEBUG_INFORMATION_FORMAT = dwarf;
				ENABLE_STRICT_OBJC_MSGSEND = YES;
				ENABLE_TESTABILITY = YES;
				GCC_C_LANGUAGE_STANDARD = gnu11;
				GCC_DYNAMIC_NO_PIC = NO;
				GCC_NO_COMMON_BLOCKS = YES;
				GCC_OPTIMIZATION_LEVEL = 0;
				GCC_PREPROCESSOR_DEFINITIONS = (
					"DEBUG=1",
					"$(inherited)",
				);
				GCC_WARN_64_TO_32_BIT_CONVERSION = YES;
				GCC_WARN_ABOUT_RETURN_TYPE = YES_ERROR;
				GCC_WARN_UNDECLARED_SELECTOR = YES;
				GCC_WARN_UNINITIALIZED_AUTOS = YES_AGGRESSIVE;
				GCC_WARN_UNUSED_FUNCTION = YES;
				GCC_WARN_UNUSED_VARIABLE = YES;
				MTL_ENABLE_DEBUG_INFO = INCLUDE_SOURCE;
				MTL_FAST_MATH = YES;
				ONLY_ACTIVE_ARCH = YES;
				SWIFT_ACTIVE_COMPILATION_CONDITIONS = DEBUG;
				SWIFT_OPTIMIZATION_LEVEL = "-Onone";
			};
			name = Debug;
		};
		7DE86D9725BF58D2004D2C89 /* Release */ = {
			isa = XCBuildConfiguration;
			buildSettings = {
				ALWAYS_SEARCH_USER_PATHS = NO;
				CLANG_ANALYZER_NONNULL = YES;
				CLANG_ANALYZER_NUMBER_OBJECT_CONVERSION = YES_AGGRESSIVE;
				CLANG_CXX_LANGUAGE_STANDARD = "gnu++14";
				CLANG_CXX_LIBRARY = "libc++";
				CLANG_ENABLE_MODULES = YES;
				CLANG_ENABLE_OBJC_ARC = YES;
				CLANG_ENABLE_OBJC_WEAK = YES;
				CLANG_WARN_BLOCK_CAPTURE_AUTORELEASING = YES;
				CLANG_WARN_BOOL_CONVERSION = YES;
				CLANG_WARN_COMMA = YES;
				CLANG_WARN_CONSTANT_CONVERSION = YES;
				CLANG_WARN_DEPRECATED_OBJC_IMPLEMENTATIONS = YES;
				CLANG_WARN_DIRECT_OBJC_ISA_USAGE = YES_ERROR;
				CLANG_WARN_DOCUMENTATION_COMMENTS = YES;
				CLANG_WARN_EMPTY_BODY = YES;
				CLANG_WARN_ENUM_CONVERSION = YES;
				CLANG_WARN_INFINITE_RECURSION = YES;
				CLANG_WARN_INT_CONVERSION = YES;
				CLANG_WARN_NON_LITERAL_NULL_CONVERSION = YES;
				CLANG_WARN_OBJC_IMPLICIT_RETAIN_SELF = YES;
				CLANG_WARN_OBJC_LITERAL_CONVERSION = YES;
				CLANG_WARN_OBJC_ROOT_CLASS = YES_ERROR;
				CLANG_WARN_QUOTED_INCLUDE_IN_FRAMEWORK_HEADER = YES;
				CLANG_WARN_RANGE_LOOP_ANALYSIS = YES;
				CLANG_WARN_STRICT_PROTOTYPES = YES;
				CLANG_WARN_SUSPICIOUS_MOVE = YES;
				CLANG_WARN_UNGUARDED_AVAILABILITY = YES_AGGRESSIVE;
				CLANG_WARN_UNREACHABLE_CODE = YES;
				CLANG_WARN__DUPLICATE_METHOD_MATCH = YES;
				COPY_PHASE_STRIP = NO;
				DEBUG_INFORMATION_FORMAT = "dwarf-with-dsym";
				ENABLE_NS_ASSERTIONS = NO;
				ENABLE_STRICT_OBJC_MSGSEND = YES;
				GCC_C_LANGUAGE_STANDARD = gnu11;
				GCC_NO_COMMON_BLOCKS = YES;
				GCC_WARN_64_TO_32_BIT_CONVERSION = YES;
				GCC_WARN_ABOUT_RETURN_TYPE = YES_ERROR;
				GCC_WARN_UNDECLARED_SELECTOR = YES;
				GCC_WARN_UNINITIALIZED_AUTOS = YES_AGGRESSIVE;
				GCC_WARN_UNUSED_FUNCTION = YES;
				GCC_WARN_UNUSED_VARIABLE = YES;
				MTL_ENABLE_DEBUG_INFO = NO;
				MTL_FAST_MATH = YES;
				SWIFT_COMPILATION_MODE = wholemodule;
				SWIFT_OPTIMIZATION_LEVEL = "-O";
			};
			name = Release;
		};
		7DE86D9925BF58D2004D2C89 /* Debug */ = {
			isa = XCBuildConfiguration;
			buildSettings = {
				ASSETCATALOG_COMPILER_APPICON_NAME = AppIcon;
				ASSETCATALOG_COMPILER_GLOBAL_ACCENT_COLOR_NAME = AccentColor;
				CODE_SIGN_STYLE = Automatic;
				DEVELOPMENT_TEAM = 46DG92AH87;
				ENABLE_PREVIEWS = YES;
				INFOPLIST_FILE = iOS/Info.plist;
				IPHONEOS_DEPLOYMENT_TARGET = 14.0;
				LD_RUNPATH_SEARCH_PATHS = (
					"$(inherited)",
					"@executable_path/Frameworks",
				);
				PRODUCT_BUNDLE_IDENTIFIER = ca.doggett.scott.TrekrMultiPlatform;
				PRODUCT_NAME = TrekrMultiPlatform;
				SDKROOT = iphoneos;
				SWIFT_VERSION = 5.0;
				TARGETED_DEVICE_FAMILY = "1,2";
			};
			name = Debug;
		};
		7DE86D9A25BF58D2004D2C89 /* Release */ = {
			isa = XCBuildConfiguration;
			buildSettings = {
				ASSETCATALOG_COMPILER_APPICON_NAME = AppIcon;
				ASSETCATALOG_COMPILER_GLOBAL_ACCENT_COLOR_NAME = AccentColor;
				CODE_SIGN_STYLE = Automatic;
				DEVELOPMENT_TEAM = 46DG92AH87;
				ENABLE_PREVIEWS = YES;
				INFOPLIST_FILE = iOS/Info.plist;
				IPHONEOS_DEPLOYMENT_TARGET = 14.0;
				LD_RUNPATH_SEARCH_PATHS = (
					"$(inherited)",
					"@executable_path/Frameworks",
				);
				PRODUCT_BUNDLE_IDENTIFIER = ca.doggett.scott.TrekrMultiPlatform;
				PRODUCT_NAME = TrekrMultiPlatform;
				SDKROOT = iphoneos;
				SWIFT_VERSION = 5.0;
				TARGETED_DEVICE_FAMILY = "1,2";
				VALIDATE_PRODUCT = YES;
			};
			name = Release;
		};
		7DE86D9C25BF58D2004D2C89 /* Debug */ = {
			isa = XCBuildConfiguration;
			buildSettings = {
				ASSETCATALOG_COMPILER_APPICON_NAME = AppIcon;
				ASSETCATALOG_COMPILER_GLOBAL_ACCENT_COLOR_NAME = AccentColor;
				CODE_SIGN_ENTITLEMENTS = macOS/macOS.entitlements;
				CODE_SIGN_STYLE = Automatic;
				COMBINE_HIDPI_IMAGES = YES;
				DEVELOPMENT_TEAM = 46DG92AH87;
				ENABLE_HARDENED_RUNTIME = YES;
				ENABLE_PREVIEWS = YES;
				INFOPLIST_FILE = macOS/Info.plist;
				LD_RUNPATH_SEARCH_PATHS = (
					"$(inherited)",
					"@executable_path/../Frameworks",
				);
				MACOSX_DEPLOYMENT_TARGET = 11.0;
				PRODUCT_BUNDLE_IDENTIFIER = ca.doggett.scott.TrekrMultiPlatform;
				PRODUCT_NAME = TrekrMultiPlatform;
				SDKROOT = macosx;
				SWIFT_VERSION = 5.0;
			};
			name = Debug;
		};
		7DE86D9D25BF58D2004D2C89 /* Release */ = {
			isa = XCBuildConfiguration;
			buildSettings = {
				ASSETCATALOG_COMPILER_APPICON_NAME = AppIcon;
				ASSETCATALOG_COMPILER_GLOBAL_ACCENT_COLOR_NAME = AccentColor;
				CODE_SIGN_ENTITLEMENTS = macOS/macOS.entitlements;
				CODE_SIGN_STYLE = Automatic;
				COMBINE_HIDPI_IMAGES = YES;
				DEVELOPMENT_TEAM = 46DG92AH87;
				ENABLE_HARDENED_RUNTIME = YES;
				ENABLE_PREVIEWS = YES;
				INFOPLIST_FILE = macOS/Info.plist;
				LD_RUNPATH_SEARCH_PATHS = (
					"$(inherited)",
					"@executable_path/../Frameworks",
				);
				MACOSX_DEPLOYMENT_TARGET = 11.0;
				PRODUCT_BUNDLE_IDENTIFIER = ca.doggett.scott.TrekrMultiPlatform;
				PRODUCT_NAME = TrekrMultiPlatform;
				SDKROOT = macosx;
				SWIFT_VERSION = 5.0;
			};
			name = Release;
		};
/* End XCBuildConfiguration section */

/* Begin XCConfigurationList section */
		7DE86D7B25BF58CE004D2C89 /* Build configuration list for PBXProject "TrekrMultiPlatform" */ = {
			isa = XCConfigurationList;
			buildConfigurations = (
				7DE86D9625BF58D2004D2C89 /* Debug */,
				7DE86D9725BF58D2004D2C89 /* Release */,
			);
			defaultConfigurationIsVisible = 0;
			defaultConfigurationName = Release;
		};
		7DE86D9825BF58D2004D2C89 /* Build configuration list for PBXNativeTarget "TrekrMultiPlatform (iOS)" */ = {
			isa = XCConfigurationList;
			buildConfigurations = (
				7DE86D9925BF58D2004D2C89 /* Debug */,
				7DE86D9A25BF58D2004D2C89 /* Release */,
			);
			defaultConfigurationIsVisible = 0;
			defaultConfigurationName = Release;
		};
		7DE86D9B25BF58D2004D2C89 /* Build configuration list for PBXNativeTarget "TrekrMultiPlatform (macOS)" */ = {
			isa = XCConfigurationList;
			buildConfigurations = (
				7DE86D9C25BF58D2004D2C89 /* Debug */,
				7DE86D9D25BF58D2004D2C89 /* Release */,
			);
			defaultConfigurationIsVisible = 0;
			defaultConfigurationName = Release;
		};
/* End XCConfigurationList section */
	};
	rootObject = 7DE86D7825BF58CE004D2C89 /* Project object */;
}
